
Microsoft Visual Studio Solution File, Format Version 12.00
# Visual Studio Version 16
VisualStudioVersion = 16.0.30804.86
MinimumVisualStudioVersion = 10.0.40219.1
Project("{9A19103F-16F7-4668-BE54-9A1E7A4F7556}") = "Shippery", "Shippery\Shippery.csproj", "{87A8D590-C5EF-4DE2-8EAC-F7B56335D126}"
EndProject
Project("{FAE04EC0-301F-11D3-BF4B-00C04F79EFBC}") = "Prova", "Prova\Prova.csproj", "{9FB6CB96-9067-4E6E-AC7A-818200233448}"
EndProject
Global
	GlobalSection(SolutionConfigurationPlatforms) = preSolution
		Debug|Any CPU = Debug|Any CPU
		Release|Any CPU = Release|Any CPU
	EndGlobalSection
	GlobalSection(ProjectConfigurationPlatforms) = postSolution
		{87A8D590-C5EF-4DE2-8EAC-F7B56335D126}.Debug|Any CPU.ActiveCfg = Debug|Any CPU
		{87A8D590-C5EF-4DE2-8EAC-F7B56335D126}.Debug|Any CPU.Build.0 = Debug|Any CPU
		{87A8D590-C5EF-4DE2-8EAC-F7B56335D126}.Release|Any CPU.ActiveCfg = Release|Any CPU
		{87A8D590-C5EF-4DE2-8EAC-F7B56335D126}.Release|Any CPU.Build.0 = Release|Any CPU
		{9FB6CB96-9067-4E6E-AC7A-818200233448}.Debug|Any CPU.ActiveCfg = Debug|Any CPU
		{9FB6CB96-9067-4E6E-AC7A-818200233448}.Debug|Any CPU.Build.0 = Debug|Any CPU
		{9FB6CB96-9067-4E6E-AC7A-818200233448}.Release|Any CPU.ActiveCfg = Release|Any CPU
		{9FB6CB96-9067-4E6E-AC7A-818200233448}.Release|Any CPU.Build.0 = Release|Any CPU
	EndGlobalSection
	GlobalSection(SolutionProperties) = preSolution
		HideSolutionNode = FALSE
	EndGlobalSection
	GlobalSection(ExtensibilityGlobals) = postSolution
		SolutionGuid = {48F624D7-0FFC-4B55-8D10-7170015D4DB7}
	EndGlobalSection
EndGlobal
